
Microsoft Visual Studio Solution File, Format Version 12.00
# Visual Studio Version 17
VisualStudioVersion = 17.2.32526.322
MinimumVisualStudioVersion = 10.0.40219.1
Project("{FAE04EC0-301F-11D3-BF4B-00C04F79EFBC}") = "PersonalSiteMVC", "PersonalSiteMVC\PersonalSiteMVC.csproj", "{24C4D4E6-6634-4731-BE3E-CBBA3CA57A8D}"
EndProject
Global
	GlobalSection(SolutionConfigurationPlatforms) = preSolution
		Debug|Any CPU = Debug|Any CPU
		Release|Any CPU = Release|Any CPU
	EndGlobalSection
	GlobalSection(ProjectConfigurationPlatforms) = postSolution
		{24C4D4E6-6634-4731-BE3E-CBBA3CA57A8D}.Debug|Any CPU.ActiveCfg = Debug|Any CPU
		{24C4D4E6-6634-4731-BE3E-CBBA3CA57A8D}.Debug|Any CPU.Build.0 = Debug|Any CPU
		{24C4D4E6-6634-4731-BE3E-CBBA3CA57A8D}.Release|Any CPU.ActiveCfg = Release|Any CPU
		{24C4D4E6-6634-4731-BE3E-CBBA3CA57A8D}.Release|Any CPU.Build.0 = Release|Any CPU
	EndGlobalSection
	GlobalSection(SolutionProperties) = preSolution
		HideSolutionNode = FALSE
	EndGlobalSection
	GlobalSection(ExtensibilityGlobals) = postSolution
		SolutionGuid = {4CBD0219-18D1-4C21-8114-2D6B266A5F57}
	EndGlobalSection
EndGlobal
